
Microsoft Visual Studio Solution File, Format Version 11.00
# Visual Studio 2010
Project("{FAE04EC0-301F-11D3-BF4B-00C04F79EFBC}") = "Assembly-CSharp", "Assembly-CSharp.csproj", "{B0B3D202-4861-AB38-8BA3-B59FD4798563}"
EndProject
Project("{FAE04EC0-301F-11D3-BF4B-00C04F79EFBC}") = "Assembly-CSharp-Editor", "Assembly-CSharp-Editor.csproj", "{8279C984-3FD1-BB6B-7E5E-3F0705815098}"
EndProject
Global
	GlobalSection(SolutionConfigurationPlatforms) = preSolution
		Debug|Any CPU = Debug|Any CPU
		Release|Any CPU = Release|Any CPU
	EndGlobalSection
	GlobalSection(ProjectConfigurationPlatforms) = postSolution
		{B0B3D202-4861-AB38-8BA3-B59FD4798563}.Debug|Any CPU.ActiveCfg = Debug|Any CPU
		{B0B3D202-4861-AB38-8BA3-B59FD4798563}.Debug|Any CPU.Build.0 = Debug|Any CPU
		{B0B3D202-4861-AB38-8BA3-B59FD4798563}.Release|Any CPU.ActiveCfg = Release|Any CPU
		{B0B3D202-4861-AB38-8BA3-B59FD4798563}.Release|Any CPU.Build.0 = Release|Any CPU
		{8279C984-3FD1-BB6B-7E5E-3F0705815098}.Debug|Any CPU.ActiveCfg = Debug|Any CPU
		{8279C984-3FD1-BB6B-7E5E-3F0705815098}.Debug|Any CPU.Build.0 = Debug|Any CPU
		{8279C984-3FD1-BB6B-7E5E-3F0705815098}.Release|Any CPU.ActiveCfg = Release|Any CPU
		{8279C984-3FD1-BB6B-7E5E-3F0705815098}.Release|Any CPU.Build.0 = Release|Any CPU
	EndGlobalSection
	GlobalSection(SolutionProperties) = preSolution
		HideSolutionNode = FALSE
	EndGlobalSection
EndGlobal
